// !$*UTF8*$!
{
	archiveVersion = 1;
	classes = {
	};
	objectVersion = 46;
	objects = {

/* Begin PBXBuildFile section */
		F887D7901AE5EE9600231B16 /* XZDownloadElement.m in Sources */ = {isa = PBXBuildFile; fileRef = F887D78F1AE5EE9600231B16 /* XZDownloadElement.m */; };
		F887D7931AE6322600231B16 /* XZDownloadView.m in Sources */ = {isa = PBXBuildFile; fileRef = F887D7921AE6322600231B16 /* XZDownloadView.m */; };
		F8A6A96A1AE105A00038BC7F /* main.m in Sources */ = {isa = PBXBuildFile; fileRef = F8A6A9691AE105A00038BC7F /* main.m */; };
		F8A6A96D1AE105A00038BC7F /* AppDelegate.m in Sources */ = {isa = PBXBuildFile; fileRef = F8A6A96C1AE105A00038BC7F /* AppDelegate.m */; };
		F8A6A9701AE105A00038BC7F /* ViewController.m in Sources */ = {isa = PBXBuildFile; fileRef = F8A6A96F1AE105A00038BC7F /* ViewController.m */; };
		F8A6A9731AE105A00038BC7F /* Main.storyboard in Resources */ = {isa = PBXBuildFile; fileRef = F8A6A9711AE105A00038BC7F /* Main.storyboard */; };
		F8A6A9751AE105A00038BC7F /* Images.xcassets in Resources */ = {isa = PBXBuildFile; fileRef = F8A6A9741AE105A00038BC7F /* Images.xcassets */; };
		F8A6A9781AE105A00038BC7F /* LaunchScreen.xib in Resources */ = {isa = PBXBuildFile; fileRef = F8A6A9761AE105A00038BC7F /* LaunchScreen.xib */; };
		F8A6A9841AE105A00038BC7F /* XZDownloadTaskTests.m in Sources */ = {isa = PBXBuildFile; fileRef = F8A6A9831AE105A00038BC7F /* XZDownloadTaskTests.m */; };
		F8A6A9901AE49D540038BC7F /* XZDownloadManager.m in Sources */ = {isa = PBXBuildFile; fileRef = F8A6A98F1AE49D540038BC7F /* XZDownloadManager.m */; };
		F8A6A9931AE4FE670038BC7F /* XZDownloadGroupManager.m in Sources */ = {isa = PBXBuildFile; fileRef = F8A6A9921AE4FE670038BC7F /* XZDownloadGroupManager.m */; };
		F8A6A9961AE508A50038BC7F /* XZDownloadResponse.m in Sources */ = {isa = PBXBuildFile; fileRef = F8A6A9951AE508A50038BC7F /* XZDownloadResponse.m */; };
/* End PBXBuildFile section */

/* Begin PBXContainerItemProxy section */
		F8A6A97E1AE105A00038BC7F /* PBXContainerItemProxy */ = {
			isa = PBXContainerItemProxy;
			containerPortal = F8A6A95C1AE105A00038BC7F /* Project object */;
			proxyType = 1;
			remoteGlobalIDString = F8A6A9631AE105A00038BC7F;
			remoteInfo = XZDownloadTask;
		};
/* End PBXContainerItemProxy section */

/* Begin PBXFileReference section */
		F887D78E1AE5EE9600231B16 /* XZDownloadElement.h */ = {isa = PBXFileReference; fileEncoding = 4; lastKnownFileType = sourcecode.c.h; path = XZDownloadElement.h; sourceTree = "<group>"; };
		F887D78F1AE5EE9600231B16 /* XZDownloadElement.m */ = {isa = PBXFileReference; fileEncoding = 4; lastKnownFileType = sourcecode.c.objc; path = XZDownloadElement.m; sourceTree = "<group>"; };
		F887D7911AE6322600231B16 /* XZDownloadView.h */ = {isa = PBXFileReference; fileEncoding = 4; lastKnownFileType = sourcecode.c.h; path = XZDownloadView.h; sourceTree = "<group>"; };
		F887D7921AE6322600231B16 /* XZDownloadView.m */ = {isa = PBXFileReference; fileEncoding = 4; lastKnownFileType = sourcecode.c.objc; path = XZDownloadView.m; sourceTree = "<group>"; };
		F887D7971AE6363400231B16 /* XZDownload-Prefix.pch */ = {isa = PBXFileReference; lastKnownFileType = sourcecode.c.h; path = "XZDownload-Prefix.pch"; sourceTree = "<group>"; };
		F8A6A9641AE105A00038BC7F /* XZDownloadTask.app */ = {isa = PBXFileReference; explicitFileType = wrapper.application; includeInIndex = 0; path = XZDownloadTask.app; sourceTree = BUILT_PRODUCTS_DIR; };
		F8A6A9681AE105A00038BC7F /* Info.plist */ = {isa = PBXFileReference; lastKnownFileType = text.plist.xml; path = Info.plist; sourceTree = "<group>"; };
		F8A6A9691AE105A00038BC7F /* main.m */ = {isa = PBXFileReference; lastKnownFileType = sourcecode.c.objc; path = main.m; sourceTree = "<group>"; };
		F8A6A96B1AE105A00038BC7F /* AppDelegate.h */ = {isa = PBXFileReference; lastKnownFileType = sourcecode.c.h; path = AppDelegate.h; sourceTree = "<group>"; };
		F8A6A96C1AE105A00038BC7F /* AppDelegate.m */ = {isa = PBXFileReference; lastKnownFileType = sourcecode.c.objc; path = AppDelegate.m; sourceTree = "<group>"; };
		F8A6A96E1AE105A00038BC7F /* ViewController.h */ = {isa = PBXFileReference; lastKnownFileType = sourcecode.c.h; path = ViewController.h; sourceTree = "<group>"; };
		F8A6A96F1AE105A00038BC7F /* ViewController.m */ = {isa = PBXFileReference; lastKnownFileType = sourcecode.c.objc; path = ViewController.m; sourceTree = "<group>"; };
		F8A6A9721AE105A00038BC7F /* Base */ = {isa = PBXFileReference; lastKnownFileType = file.storyboard; name = Base; path = Base.lproj/Main.storyboard; sourceTree = "<group>"; };
		F8A6A9741AE105A00038BC7F /* Images.xcassets */ = {isa = PBXFileReference; lastKnownFileType = folder.assetcatalog; path = Images.xcassets; sourceTree = "<group>"; };
		F8A6A9771AE105A00038BC7F /* Base */ = {isa = PBXFileReference; lastKnownFileType = file.xib; name = Base; path = Base.lproj/LaunchScreen.xib; sourceTree = "<group>"; };
		F8A6A97D1AE105A00038BC7F /* XZDownloadTaskTests.xctest */ = {isa = PBXFileReference; explicitFileType = wrapper.cfbundle; includeInIndex = 0; path = XZDownloadTaskTests.xctest; sourceTree = BUILT_PRODUCTS_DIR; };
		F8A6A9821AE105A00038BC7F /* Info.plist */ = {isa = PBXFileReference; lastKnownFileType = text.plist.xml; path = Info.plist; sourceTree = "<group>"; };
		F8A6A9831AE105A00038BC7F /* XZDownloadTaskTests.m */ = {isa = PBXFileReference; lastKnownFileType = sourcecode.c.objc; path = XZDownloadTaskTests.m; sourceTree = "<group>"; };
		F8A6A98E1AE49D540038BC7F /* XZDownloadManager.h */ = {isa = PBXFileReference; fileEncoding = 4; lastKnownFileType = sourcecode.c.h; path = XZDownloadManager.h; sourceTree = "<group>"; };
		F8A6A98F1AE49D540038BC7F /* XZDownloadManager.m */ = {isa = PBXFileReference; fileEncoding = 4; lastKnownFileType = sourcecode.c.objc; path = XZDownloadManager.m; sourceTree = "<group>"; };
		F8A6A9911AE4FE670038BC7F /* XZDownloadGroupManager.h */ = {isa = PBXFileReference; fileEncoding = 4; lastKnownFileType = sourcecode.c.h; path = XZDownloadGroupManager.h; sourceTree = "<group>"; };
		F8A6A9921AE4FE670038BC7F /* XZDownloadGroupManager.m */ = {isa = PBXFileReference; fileEncoding = 4; lastKnownFileType = sourcecode.c.objc; path = XZDownloadGroupManager.m; sourceTree = "<group>"; };
		F8A6A9941AE508A50038BC7F /* XZDownloadResponse.h */ = {isa = PBXFileReference; fileEncoding = 4; lastKnownFileType = sourcecode.c.h; path = XZDownloadResponse.h; sourceTree = "<group>"; };
		F8A6A9951AE508A50038BC7F /* XZDownloadResponse.m */ = {isa = PBXFileReference; fileEncoding = 4; lastKnownFileType = sourcecode.c.objc; path = XZDownloadResponse.m; sourceTree = "<group>"; };
/* End PBXFileReference section */

/* Begin PBXFrameworksBuildPhase section */
		F8A6A9611AE105A00038BC7F /* Frameworks */ = {
			isa = PBXFrameworksBuildPhase;
			buildActionMask = 2147483647;
			files = (
			);
			runOnlyForDeploymentPostprocessing = 0;
		};
		F8A6A97A1AE105A00038BC7F /* Frameworks */ = {
			isa = PBXFrameworksBuildPhase;
			buildActionMask = 2147483647;
			files = (
			);
			runOnlyForDeploymentPostprocessing = 0;
		};
/* End PBXFrameworksBuildPhase section */

/* Begin PBXGroup section */
		F8A6A95B1AE105A00038BC7F = {
			isa = PBXGroup;
			children = (
				F8A6A9661AE105A00038BC7F /* XZDownloadTask */,
				F8A6A9801AE105A00038BC7F /* XZDownloadTaskTests */,
				F8A6A9651AE105A00038BC7F /* Products */,
			);
			sourceTree = "<group>";
		};
		F8A6A9651AE105A00038BC7F /* Products */ = {
			isa = PBXGroup;
			children = (
				F8A6A9641AE105A00038BC7F /* XZDownloadTask.app */,
				F8A6A97D1AE105A00038BC7F /* XZDownloadTaskTests.xctest */,
			);
			name = Products;
			sourceTree = "<group>";
		};
		F8A6A9661AE105A00038BC7F /* XZDownloadTask */ = {
			isa = PBXGroup;
			children = (
				F8A6A98D1AE49C960038BC7F /* XZDownloadTask */,
				F8A6A96B1AE105A00038BC7F /* AppDelegate.h */,
				F8A6A96C1AE105A00038BC7F /* AppDelegate.m */,
				F8A6A96E1AE105A00038BC7F /* ViewController.h */,
				F8A6A96F1AE105A00038BC7F /* ViewController.m */,
				F887D7911AE6322600231B16 /* XZDownloadView.h */,
				F887D7921AE6322600231B16 /* XZDownloadView.m */,
				F8A6A9711AE105A00038BC7F /* Main.storyboard */,
				F8A6A9741AE105A00038BC7F /* Images.xcassets */,
				F8A6A9761AE105A00038BC7F /* LaunchScreen.xib */,
				F8A6A9671AE105A00038BC7F /* Supporting Files */,
			);
			path = XZDownloadTask;
			sourceTree = "<group>";
		};
		F8A6A9671AE105A00038BC7F /* Supporting Files */ = {
			isa = PBXGroup;
			children = (
				F8A6A9681AE105A00038BC7F /* Info.plist */,
				F8A6A9691AE105A00038BC7F /* main.m */,
				F887D7971AE6363400231B16 /* XZDownload-Prefix.pch */,
			);
			name = "Supporting Files";
			sourceTree = "<group>";
		};
		F8A6A9801AE105A00038BC7F /* XZDownloadTaskTests */ = {
			isa = PBXGroup;
			children = (
				F8A6A9831AE105A00038BC7F /* XZDownloadTaskTests.m */,
				F8A6A9811AE105A00038BC7F /* Supporting Files */,
			);
			path = XZDownloadTaskTests;
			sourceTree = "<group>";
		};
		F8A6A9811AE105A00038BC7F /* Supporting Files */ = {
			isa = PBXGroup;
			children = (
				F8A6A9821AE105A00038BC7F /* Info.plist */,
			);
			name = "Supporting Files";
			sourceTree = "<group>";
		};
		F8A6A98D1AE49C960038BC7F /* XZDownloadTask */ = {
			isa = PBXGroup;
			children = (
				F8A6A98E1AE49D540038BC7F /* XZDownloadManager.h */,
				F8A6A98F1AE49D540038BC7F /* XZDownloadManager.m */,
				F8A6A9911AE4FE670038BC7F /* XZDownloadGroupManager.h */,
				F8A6A9921AE4FE670038BC7F /* XZDownloadGroupManager.m */,
				F887D78E1AE5EE9600231B16 /* XZDownloadElement.h */,
				F887D78F1AE5EE9600231B16 /* XZDownloadElement.m */,
				F8A6A9941AE508A50038BC7F /* XZDownloadResponse.h */,
				F8A6A9951AE508A50038BC7F /* XZDownloadResponse.m */,
			);
			name = XZDownloadTask;
			sourceTree = "<group>";
		};
/* End PBXGroup section */

/* Begin PBXNativeTarget section */
		F8A6A9631AE105A00038BC7F /* XZDownloadTask */ = {
			isa = PBXNativeTarget;
			buildConfigurationList = F8A6A9871AE105A00038BC7F /* Build configuration list for PBXNativeTarget "XZDownloadTask" */;
			buildPhases = (
				F8A6A9601AE105A00038BC7F /* Sources */,
				F8A6A9611AE105A00038BC7F /* Frameworks */,
				F8A6A9621AE105A00038BC7F /* Resources */,
			);
			buildRules = (
			);
			dependencies = (
			);
			name = XZDownloadTask;
			productName = XZDownloadTask;
			productReference = F8A6A9641AE105A00038BC7F /* XZDownloadTask.app */;
			productType = "com.apple.product-type.application";
		};
		F8A6A97C1AE105A00038BC7F /* XZDownloadTaskTests */ = {
			isa = PBXNativeTarget;
			buildConfigurationList = F8A6A98A1AE105A00038BC7F /* Build configuration list for PBXNativeTarget "XZDownloadTaskTests" */;
			buildPhases = (
				F8A6A9791AE105A00038BC7F /* Sources */,
				F8A6A97A1AE105A00038BC7F /* Frameworks */,
				F8A6A97B1AE105A00038BC7F /* Resources */,
			);
			buildRules = (
			);
			dependencies = (
				F8A6A97F1AE105A00038BC7F /* PBXTargetDependency */,
			);
			name = XZDownloadTaskTests;
			productName = XZDownloadTaskTests;
			productReference = F8A6A97D1AE105A00038BC7F /* XZDownloadTaskTests.xctest */;
			productType = "com.apple.product-type.bundle.unit-test";
		};
/* End PBXNativeTarget section */

/* Begin PBXProject section */
		F8A6A95C1AE105A00038BC7F /* Project object */ = {
			isa = PBXProject;
			attributes = {
				LastUpgradeCheck = 0630;
				ORGANIZATIONNAME = anjuke;
				TargetAttributes = {
					F8A6A9631AE105A00038BC7F = {
						CreatedOnToolsVersion = 6.3;
					};
					F8A6A97C1AE105A00038BC7F = {
						CreatedOnToolsVersion = 6.3;
						TestTargetID = F8A6A9631AE105A00038BC7F;
					};
				};
			};
			buildConfigurationList = F8A6A95F1AE105A00038BC7F /* Build configuration list for PBXProject "XZDownloadTask" */;
			compatibilityVersion = "Xcode 3.2";
			developmentRegion = English;
			hasScannedForEncodings = 0;
			knownRegions = (
				en,
				Base,
			);
			mainGroup = F8A6A95B1AE105A00038BC7F;
			productRefGroup = F8A6A9651AE105A00038BC7F /* Products */;
			projectDirPath = "";
			projectRoot = "";
			targets = (
				F8A6A9631AE105A00038BC7F /* XZDownloadTask */,
				F8A6A97C1AE105A00038BC7F /* XZDownloadTaskTests */,
			);
		};
/* End PBXProject section */

/* Begin PBXResourcesBuildPhase section */
		F8A6A9621AE105A00038BC7F /* Resources */ = {
			isa = PBXResourcesBuildPhase;
			buildActionMask = 2147483647;
			files = (
				F8A6A9731AE105A00038BC7F /* Main.storyboard in Resources */,
				F8A6A9781AE105A00038BC7F /* LaunchScreen.xib in Resources */,
				F8A6A9751AE105A00038BC7F /* Images.xcassets in Resources */,
			);
			runOnlyForDeploymentPostprocessing = 0;
		};
		F8A6A97B1AE105A00038BC7F /* Resources */ = {
			isa = PBXResourcesBuildPhase;
			buildActionMask = 2147483647;
			files = (
			);
			runOnlyForDeploymentPostprocessing = 0;
		};
/* End PBXResourcesBuildPhase section */

/* Begin PBXSourcesBuildPhase section */
		F8A6A9601AE105A00038BC7F /* Sources */ = {
			isa = PBXSourcesBuildPhase;
			buildActionMask = 2147483647;
			files = (
				F887D7931AE6322600231B16 /* XZDownloadView.m in Sources */,
				F8A6A9701AE105A00038BC7F /* ViewController.m in Sources */,
				F8A6A96D1AE105A00038BC7F /* AppDelegate.m in Sources */,
				F8A6A9961AE508A50038BC7F /* XZDownloadResponse.m in Sources */,
				F887D7901AE5EE9600231B16 /* XZDownloadElement.m in Sources */,
				F8A6A96A1AE105A00038BC7F /* main.m in Sources */,
				F8A6A9931AE4FE670038BC7F /* XZDownloadGroupManager.m in Sources */,
				F8A6A9901AE49D540038BC7F /* XZDownloadManager.m in Sources */,
			);
			runOnlyForDeploymentPostprocessing = 0;
		};
		F8A6A9791AE105A00038BC7F /* Sources */ = {
			isa = PBXSourcesBuildPhase;
			buildActionMask = 2147483647;
			files = (
				F8A6A9841AE105A00038BC7F /* XZDownloadTaskTests.m in Sources */,
			);
			runOnlyForDeploymentPostprocessing = 0;
		};
/* End PBXSourcesBuildPhase section */

/* Begin PBXTargetDependency section */
		F8A6A97F1AE105A00038BC7F /* PBXTargetDependency */ = {
			isa = PBXTargetDependency;
			target = F8A6A9631AE105A00038BC7F /* XZDownloadTask */;
			targetProxy = F8A6A97E1AE105A00038BC7F /* PBXContainerItemProxy */;
		};
/* End PBXTargetDependency section */

/* Begin PBXVariantGroup section */
		F8A6A9711AE105A00038BC7F /* Main.storyboard */ = {
			isa = PBXVariantGroup;
			children = (
				F8A6A9721AE105A00038BC7F /* Base */,
			);
			name = Main.storyboard;
			sourceTree = "<group>";
		};
		F8A6A9761AE105A00038BC7F /* LaunchScreen.xib */ = {
			isa = PBXVariantGroup;
			children = (
				F8A6A9771AE105A00038BC7F /* Base */,
			);
			name = LaunchScreen.xib;
			sourceTree = "<group>";
		};
/* End PBXVariantGroup section */

/* Begin XCBuildConfiguration section */
		F8A6A9851AE105A00038BC7F /* Debug */ = {
			isa = XCBuildConfiguration;
			buildSettings = {
				ALWAYS_SEARCH_USER_PATHS = NO;
				CLANG_CXX_LANGUAGE_STANDARD = "gnu++0x";
				CLANG_CXX_LIBRARY = "libc++";
				CLANG_ENABLE_MODULES = YES;
				CLANG_ENABLE_OBJC_ARC = YES;
				CLANG_WARN_BOOL_CONVERSION = YES;
				CLANG_WARN_CONSTANT_CONVERSION = YES;
				CLANG_WARN_DIRECT_OBJC_ISA_USAGE = YES_ERROR;
				CLANG_WARN_EMPTY_BODY = YES;
				CLANG_WARN_ENUM_CONVERSION = YES;
				CLANG_WARN_INT_CONVERSION = YES;
				CLANG_WARN_OBJC_ROOT_CLASS = YES_ERROR;
				CLANG_WARN_UNREACHABLE_CODE = YES;
				CLANG_WARN__DUPLICATE_METHOD_MATCH = YES;
				"CODE_SIGN_IDENTITY[sdk=iphoneos*]" = "iPhone Developer";
				COPY_PHASE_STRIP = NO;
				DEBUG_INFORMATION_FORMAT = "dwarf-with-dsym";
				ENABLE_STRICT_OBJC_MSGSEND = YES;
				GCC_C_LANGUAGE_STANDARD = gnu99;
				GCC_DYNAMIC_NO_PIC = NO;
				GCC_NO_COMMON_BLOCKS = YES;
				GCC_OPTIMIZATION_LEVEL = 0;
				GCC_PREPROCESSOR_DEFINITIONS = (
					"DEBUG=1",
					"$(inherited)",
				);
				GCC_SYMBOLS_PRIVATE_EXTERN = NO;
				GCC_WARN_64_TO_32_BIT_CONVERSION = YES;
				GCC_WARN_ABOUT_RETURN_TYPE = YES_ERROR;
				GCC_WARN_UNDECLARED_SELECTOR = YES;
				GCC_WARN_UNINITIALIZED_AUTOS = YES_AGGRESSIVE;
				GCC_WARN_UNUSED_FUNCTION = YES;
				GCC_WARN_UNUSED_VARIABLE = YES;
				IPHONEOS_DEPLOYMENT_TARGET = 8.3;
				MTL_ENABLE_DEBUG_INFO = YES;
				ONLY_ACTIVE_ARCH = YES;
				SDKROOT = iphoneos;
			};
			name = Debug;
		};
		F8A6A9861AE105A00038BC7F /* Release */ = {
			isa = XCBuildConfiguration;
			buildSettings = {
				ALWAYS_SEARCH_USER_PATHS = NO;
				CLANG_CXX_LANGUAGE_STANDARD = "gnu++0x";
				CLANG_CXX_LIBRARY = "libc++";
				CLANG_ENABLE_MODULES = YES;
				CLANG_ENABLE_OBJC_ARC = YES;
				CLANG_WARN_BOOL_CONVERSION = YES;
				CLANG_WARN_CONSTANT_CONVERSION = YES;
				CLANG_WARN_DIRECT_OBJC_ISA_USAGE = YES_ERROR;
				CLANG_WARN_EMPTY_BODY = YES;
				CLANG_WARN_ENUM_CONVERSION = YES;
				CLANG_WARN_INT_CONVERSION = YES;
				CLANG_WARN_OBJC_ROOT_CLASS = YES_ERROR;
				CLANG_WARN_UNREACHABLE_CODE = YES;
				CLANG_WARN__DUPLICATE_METHOD_MATCH = YES;
				"CODE_SIGN_IDENTITY[sdk=iphoneos*]" = "iPhone Developer";
				COPY_PHASE_STRIP = NO;
				DEBUG_INFORMATION_FORMAT = "dwarf-with-dsym";
				ENABLE_NS_ASSERTIONS = NO;
				ENABLE_STRICT_OBJC_MSGSEND = YES;
				GCC_C_LANGUAGE_STANDARD = gnu99;
				GCC_NO_COMMON_BLOCKS = YES;
				GCC_WARN_64_TO_32_BIT_CONVERSION = YES;
				GCC_WARN_ABOUT_RETURN_TYPE = YES_ERROR;
				GCC_WARN_UNDECLARED_SELECTOR = YES;
				GCC_WARN_UNINITIALIZED_AUTOS = YES_AGGRESSIVE;
				GCC_WARN_UNUSED_FUNCTION = YES;
				GCC_WARN_UNUSED_VARIABLE = YES;
				IPHONEOS_DEPLOYMENT_TARGET = 8.3;
				MTL_ENABLE_DEBUG_INFO = NO;
				SDKROOT = iphoneos;
				VALIDATE_PRODUCT = YES;
			};
			name = Release;
		};
		F8A6A9881AE105A00038BC7F /* Debug */ = {
			isa = XCBuildConfiguration;
			buildSettings = {
				ASSETCATALOG_COMPILER_APPICON_NAME = AppIcon;
				GCC_PREFIX_HEADER = "XZDownloadTask/XZDownload-Prefix.pch";
				INFOPLIST_FILE = XZDownloadTask/Info.plist;
				IPHONEOS_DEPLOYMENT_TARGET = 8.0;
				LD_RUNPATH_SEARCH_PATHS = "$(inherited) @executable_path/Frameworks";
				PRODUCT_NAME = "$(TARGET_NAME)";
			};
			name = Debug;
		};
		F8A6A9891AE105A00038BC7F /* Release */ = {
			isa = XCBuildConfiguration;
			buildSettings = {
				ASSETCATALOG_COMPILER_APPICON_NAME = AppIcon;
				GCC_PREFIX_HEADER = "XZDownloadTask/XZDownload-Prefix.pch";
				INFOPLIST_FILE = XZDownloadTask/Info.plist;
				IPHONEOS_DEPLOYMENT_TARGET = 8.0;
				LD_RUNPATH_SEARCH_PATHS = "$(inherited) @executable_path/Frameworks";
				PRODUCT_NAME = "$(TARGET_NAME)";
			};
			name = Release;
		};
		F8A6A98B1AE105A00038BC7F /* Debug */ = {
			isa = XCBuildConfiguration;
			buildSettings = {
				BUNDLE_LOADER = "$(TEST_HOST)";
				FRAMEWORK_SEARCH_PATHS = (
					"$(SDKROOT)/Developer/Library/Frameworks",
					"$(inherited)",
				);
				GCC_PREPROCESSOR_DEFINITIONS = (
					"DEBUG=1",
					"$(inherited)",
				);
				INFOPLIST_FILE = XZDownloadTaskTests/Info.plist;
				LD_RUNPATH_SEARCH_PATHS = "$(inherited) @executable_path/Frameworks @loader_path/Frameworks";
				PRODUCT_NAME = "$(TARGET_NAME)";
				TEST_HOST = "$(BUILT_PRODUCTS_DIR)/XZDownloadTask.app/XZDownloadTask";
			};
			name = Debug;
		};
		F8A6A98C1AE105A00038BC7F /* Release */ = {
			isa = XCBuildConfiguration;
			buildSettings = {
				BUNDLE_LOADER = "$(TEST_HOST)";
				FRAMEWORK_SEARCH_PATHS = (
					"$(SDKROOT)/Developer/Library/Frameworks",
					"$(inherited)",
				);
				INFOPLIST_FILE = XZDownloadTaskTests/Info.plist;
				LD_RUNPATH_SEARCH_PATHS = "$(inherited) @executable_path/Frameworks @loader_path/Frameworks";
				PRODUCT_NAME = "$(TARGET_NAME)";
				TEST_HOST = "$(BUILT_PRODUCTS_DIR)/XZDownloadTask.app/XZDownloadTask";
			};
			name = Release;
		};
/* End XCBuildConfiguration section */

/* Begin XCConfigurationList section */
		F8A6A95F1AE105A00038BC7F /* Build configuration list for PBXProject "XZDownloadTask" */ = {
			isa = XCConfigurationList;
			buildConfigurations = (
				F8A6A9851AE105A00038BC7F /* Debug */,
				F8A6A9861AE105A00038BC7F /* Release */,
			);
			defaultConfigurationIsVisible = 0;
			defaultConfigurationName = Release;
		};
		F8A6A9871AE105A00038BC7F /* Build configuration list for PBXNativeTarget "XZDownloadTask" */ = {
			isa = XCConfigurationList;
			buildConfigurations = (
				F8A6A9881AE105A00038BC7F /* Debug */,
				F8A6A9891AE105A00038BC7F /* Release */,
			);
			defaultConfigurationIsVisible = 0;
			defaultConfigurationName = Release;
		};
		F8A6A98A1AE105A00038BC7F /* Build configuration list for PBXNativeTarget "XZDownloadTaskTests" */ = {
			isa = XCConfigurationList;
			buildConfigurations = (
				F8A6A98B1AE105A00038BC7F /* Debug */,
				F8A6A98C1AE105A00038BC7F /* Release */,
			);
			defaultConfigurationIsVisible = 0;
			defaultConfigurationName = Release;
		};
/* End XCConfigurationList section */
	};
	rootObject = F8A6A95C1AE105A00038BC7F /* Project object */;
}
